
Microsoft Visual Studio Solution File, Format Version 12.00
# Visual Studio Version 16
VisualStudioVersion = 16.0.30621.155
MinimumVisualStudioVersion = 10.0.40219.1
Project("{FAE04EC0-301F-11D3-BF4B-00C04F79EFBC}") = "BookListDB", "BookListDB\BookListDB.csproj", "{1EC5D97E-70D6-4D24-967D-5D1E340C00EF}"
EndProject
Project("{54435603-DBB4-11D2-8724-00A0C9A8B90C}") = "JHBookListDBSetup", "JHBookListDBSetup\JHBookListDBSetup.vdproj", "{F342A141-008B-4788-9989-9D84E832B7B0}"
EndProject
Global
	GlobalSection(SolutionConfigurationPlatforms) = preSolution
		Debug|Any CPU = Debug|Any CPU
		Release|Any CPU = Release|Any CPU
	EndGlobalSection
	GlobalSection(ProjectConfigurationPlatforms) = postSolution
		{1EC5D97E-70D6-4D24-967D-5D1E340C00EF}.Debug|Any CPU.ActiveCfg = Debug|Any CPU
		{1EC5D97E-70D6-4D24-967D-5D1E340C00EF}.Debug|Any CPU.Build.0 = Debug|Any CPU
		{1EC5D97E-70D6-4D24-967D-5D1E340C00EF}.Release|Any CPU.ActiveCfg = Release|Any CPU
		{1EC5D97E-70D6-4D24-967D-5D1E340C00EF}.Release|Any CPU.Build.0 = Release|Any CPU
		{F342A141-008B-4788-9989-9D84E832B7B0}.Debug|Any CPU.ActiveCfg = Debug
		{F342A141-008B-4788-9989-9D84E832B7B0}.Debug|Any CPU.Build.0 = Debug
		{F342A141-008B-4788-9989-9D84E832B7B0}.Release|Any CPU.ActiveCfg = Release
		{F342A141-008B-4788-9989-9D84E832B7B0}.Release|Any CPU.Build.0 = Release
	EndGlobalSection
	GlobalSection(SolutionProperties) = preSolution
		HideSolutionNode = FALSE
	EndGlobalSection
	GlobalSection(ExtensibilityGlobals) = postSolution
		SolutionGuid = {84DBC1E3-619A-4916-A139-74794625B520}
	EndGlobalSection
EndGlobal
